
Microsoft Visual Studio Solution File, Format Version 12.00
# Visual Studio Version 17
VisualStudioVersion = 17.6.33723.286
MinimumVisualStudioVersion = 10.0.40219.1
Project("{9A19103F-16F7-4668-BE54-9A1E7A4F7556}") = "generatorINN", "generatorINN.csproj", "{0AF73104-54D7-4CED-88AC-B03CD30770FD}"
EndProject
Global
	GlobalSection(SolutionConfigurationPlatforms) = preSolution
		Debug|Any CPU = Debug|Any CPU
		Release|Any CPU = Release|Any CPU
	EndGlobalSection
	GlobalSection(ProjectConfigurationPlatforms) = postSolution
		{0AF73104-54D7-4CED-88AC-B03CD30770FD}.Debug|Any CPU.ActiveCfg = Debug|Any CPU
		{0AF73104-54D7-4CED-88AC-B03CD30770FD}.Debug|Any CPU.Build.0 = Debug|Any CPU
		{0AF73104-54D7-4CED-88AC-B03CD30770FD}.Release|Any CPU.ActiveCfg = Release|Any CPU
		{0AF73104-54D7-4CED-88AC-B03CD30770FD}.Release|Any CPU.Build.0 = Release|Any CPU
	EndGlobalSection
	GlobalSection(SolutionProperties) = preSolution
		HideSolutionNode = FALSE
	EndGlobalSection
	GlobalSection(ExtensibilityGlobals) = postSolution
		SolutionGuid = {670BBCA8-DB6A-4417-9C1B-EBEABE1941B1}
	EndGlobalSection
EndGlobal
